
Microsoft Visual Studio Solution File, Format Version 12.00
# Visual Studio Version 17
VisualStudioVersion = 17.7.34031.279
MinimumVisualStudioVersion = 10.0.40219.1
Project("{FAE04EC0-301F-11D3-BF4B-00C04F79EFBC}") = "Dictionary Project", "Dictionary Project\Dictionary Project.csproj", "{710A50E0-8834-4CF9-8BBC-5D33A3695028}"
EndProject
Global
	GlobalSection(SolutionConfigurationPlatforms) = preSolution
		Debug|Any CPU = Debug|Any CPU
		Release|Any CPU = Release|Any CPU
	EndGlobalSection
	GlobalSection(ProjectConfigurationPlatforms) = postSolution
		{710A50E0-8834-4CF9-8BBC-5D33A3695028}.Debug|Any CPU.ActiveCfg = Debug|Any CPU
		{710A50E0-8834-4CF9-8BBC-5D33A3695028}.Debug|Any CPU.Build.0 = Debug|Any CPU
		{710A50E0-8834-4CF9-8BBC-5D33A3695028}.Release|Any CPU.ActiveCfg = Release|Any CPU
		{710A50E0-8834-4CF9-8BBC-5D33A3695028}.Release|Any CPU.Build.0 = Release|Any CPU
	EndGlobalSection
	GlobalSection(SolutionProperties) = preSolution
		HideSolutionNode = FALSE
	EndGlobalSection
	GlobalSection(ExtensibilityGlobals) = postSolution
		SolutionGuid = {B67496DC-EB8F-474D-815E-7D65AA03F531}
	EndGlobalSection
EndGlobal
